
Microsoft Visual Studio Solution File, Format Version 12.00
# Visual Studio 2017
Project("{FAE04EC0-301F-11D3-BF4B-00C04F79EFBC}") = "Demo - Game Mechanic", "Demo - Game Mechanic.csproj", "{BBBF71B1-D5DE-479E-662D-7AD426CBDF2B}"
EndProject
Global
	GlobalSection(SolutionConfigurationPlatforms) = preSolution
		Debug|Any CPU = Debug|Any CPU
		Release|Any CPU = Release|Any CPU
	EndGlobalSection
	GlobalSection(ProjectConfigurationPlatforms) = postSolution
		{BBBF71B1-D5DE-479E-662D-7AD426CBDF2B}.Debug|Any CPU.ActiveCfg = Debug|Any CPU
		{BBBF71B1-D5DE-479E-662D-7AD426CBDF2B}.Debug|Any CPU.Build.0 = Debug|Any CPU
		{BBBF71B1-D5DE-479E-662D-7AD426CBDF2B}.Release|Any CPU.ActiveCfg = Release|Any CPU
		{BBBF71B1-D5DE-479E-662D-7AD426CBDF2B}.Release|Any CPU.Build.0 = Release|Any CPU
	EndGlobalSection
	GlobalSection(SolutionProperties) = preSolution
		HideSolutionNode = FALSE
	EndGlobalSection
EndGlobal
