
Microsoft Visual Studio Solution File, Format Version 12.00
# Visual Studio 2015
Project("{FAE04EC0-301F-11D3-BF4B-00C04F79EFBC}") = "Demo - Game Mechanic.CSharp", "Demo - Game Mechanic.CSharp.csproj", "{E1D1CDA1-B480-B27B-21F9-996EE13EC851}"
EndProject
Global
	GlobalSection(SolutionConfigurationPlatforms) = preSolution
		Debug|Any CPU = Debug|Any CPU
		Release|Any CPU = Release|Any CPU
	EndGlobalSection
	GlobalSection(ProjectConfigurationPlatforms) = postSolution
		{E1D1CDA1-B480-B27B-21F9-996EE13EC851}.Debug|Any CPU.ActiveCfg = Debug|Any CPU
		{E1D1CDA1-B480-B27B-21F9-996EE13EC851}.Debug|Any CPU.Build.0 = Debug|Any CPU
		{E1D1CDA1-B480-B27B-21F9-996EE13EC851}.Release|Any CPU.ActiveCfg = Release|Any CPU
		{E1D1CDA1-B480-B27B-21F9-996EE13EC851}.Release|Any CPU.Build.0 = Release|Any CPU
	EndGlobalSection
	GlobalSection(SolutionProperties) = preSolution
		HideSolutionNode = FALSE
	EndGlobalSection
EndGlobal
